{
  "name": "todo-frontend",
  "version": "0.1.0",
  "lockfileVersion": 3,
  "requires": true,
  "packages": {
    "": {
      "name": "todo-frontend",
      "version": "0.1.0",
      "license": "ISC",
      "dependencies": {
        "@testing-library/dom": "^10.4.0",
        "@testing-library/jest-dom": "^6.6.3",
        "@testing-library/react": "^16.3.0",
        "@testing-library/user-event": "^13.5.0",
        "assert": "^2.1.0",
        "axios": "^1.10.0",
        "bootstrap": "^5.3.7",
        "browserify-zlib": "^0.2.0",
        "crypto-browserify": "^3.12.1",
        "https-browserify": "^1.0.0",
        "react": "^19.1.0",
        "react-dom": "^19.1.0",
        "react-router-dom": "^7.6.3",
        "react-scripts": "^5.0.1",
        "stream-browserify": "^3.0.0",
        "stream-http": "^3.2.0",
        "todo-frontend": "file:",
        "url": "^0.11.4",
        "util": "^0.12.5",
        "web-vitals": "^2.1.4"
      },
      "devDependencies": {
        "@playwright/test": "^1.54.1"
      }
    },
    "node_modules/@adobe/css-tools": {
      "version": "4.4.3",
      "license": "MIT"
    },
    "node_modules/@alloc/quick-lru": {
      "version": "5.2.0",
      "license": "MIT",
      "engines": {
        "node": ">=10"
      },
      "funding": {
        "url": "https://github.com/sponsors/sindresorhus"
      }
    },
    "node_modules/@ampproject/remapping": {
      "version": "2.3.0",
      "license": "Apache-2.0",
      "dependencies": {
        "@jridgewell/gen-mapping": "^0.3.5",
        "@jridgewell/trace-mapping": "^0.3.24"
      },
      "engines": {
        "node": ">=6.0.0"
      }
    },
    "node_modules/@babel/code-frame": {
      "version": "7.27.1",
      "license": "MIT",
      "dependencies": {
        "@babel/helper-validator-identifier": "^7.27.1",
        "js-tokens": "^4.0.0",
        "picocolors": "^1.1.1"
      },
      "engines": {
        "node": ">=6.9.0"
      }
    },
    "node_modules/@babel/compat-data": {
      "version": "7.28.0",
      "license": "MIT",
      "engines": {
        "node": ">=6.9.0"
      }
    },
    "node_modules/@babel/core": {
      "version": "7.28.0",
      "license": "MIT",
      "dependencies": {
        "@ampproject/remapping": "^2.2.0",
        "@babel/code-frame": "^7.27.1",
        "@babel/generator": "^7.28.0",
        "@babel/helper-compilation-targets": "^7.27.2",
        "@babel/helper-module-transforms": "^7.27.3",
        "@babel/helpers": "^7.27.6",
        "@babel/parser": "^7.28.0",
        "@babel/template": "^7.27.2",
        "@babel/traverse": "^7.28.0",
        "@babel/types": "^7.28.0",
        "convert-source-map": "^2.0.0",
        "debug": "^4.1.0",
        "gensync": "^1.0.0-beta.2",
        "json5": "^2.2.3",
        "semver": "^6.3.1"
      },
      "engines": {
        "node": ">=6.9.0"
      },
      "funding": {
        "type": "opencollective",
        "url": "https://opencollective.com/babel"
      }
    }
  }
}
